{
  "originHash" : "7016fd35a3d6c8ca8af09ff87fb6f926b3d7c3b1e2f73d4c980861db5fd302d8",
  "pins" : [
    {
      "identity" : "convex-swift",
      "kind" : "remoteSourceControl",
      "location" : "https://github.com/get-convex/convex-swift",
      "state" : {
        "revision" : "7de1d6e09f9094383f21da6737cb37757d91ee00",
        "version" : "0.8.0"
      }
    },
    {
      "identity" : "horizoncalendar",
      "kind" : "remoteSourceControl",
      "location" : "https://github.com/airbnb/HorizonCalendar.git",
      "state" : {
        "revision" : "3b8e98233634591bbf6fbdd6654f79455e02288b",
        "version" : "1.16.0"
      }
    }
  ],
  "version" : 3
}
