// !$*UTF8*$!
{
	archiveVersion = 1;
	classes = {
	};
	objectVersion = 56;
	objects = {

/* Begin PBXBuildFile section */
		12FA6D2EF6D946E3AB7D3D0F /* StudioEvent.swift in Sources */ = {isa = PBXBuildFile; fileRef = 5D11F15AA89546D588127322 /* StudioEvent.swift */; };
		1965BEB40C25491DB960F4F2 /* ConvexEnv.swift in Sources */ = {isa = PBXBuildFile; fileRef = 1EAC04D985614080945480C4 /* ConvexEnv.swift */; };
		A1B2C3D4E5F601234567890A /* EventKitService.swift in Sources */ = {isa = PBXBuildFile; fileRef = A1B2C3D4E5F601234567890B /* EventKitService.swift */; };
		F2A3B4C5D6E7F80234567800 /* NLEventParser.swift in Sources */ = {isa = PBXBuildFile; fileRef = F2A3B4C5D6E7F80234567801 /* NLEventParser.swift */; };
		F2A3B4C5D6E7F80234567802 /* EventCreationView.swift in Sources */ = {isa = PBXBuildFile; fileRef = F2A3B4C5D6E7F80234567803 /* EventCreationView.swift */; };
		F2A3B4C5D6E7F80234567804 /* EventDetailView.swift in Sources */ = {isa = PBXBuildFile; fileRef = F2A3B4C5D6E7F80234567805 /* EventDetailView.swift */; };
		F2A3B4C5D6E7F80234567806 /* EventEditView.swift in Sources */ = {isa = PBXBuildFile; fileRef = F2A3B4C5D6E7F80234567807 /* EventEditView.swift */; };
		1A5118B6ED3A4668805A1F31 /* LoomCalApp.swift in Sources */ = {isa = PBXBuildFile; fileRef = CF164E410628480EB1EB0286 /* LoomCalApp.swift */; };
		6DF29E450551441382D397E8 /* ChatMessage.swift in Sources */ = {isa = PBXBuildFile; fileRef = 554F4E556D274D37B8E492C9 /* ChatMessage.swift */; };
		80E8BCB7ED0E40EB982212A5 /* LoomTask.swift in Sources */ = {isa = PBXBuildFile; fileRef = 41E86A5C0C1E4E8BB0B85A13 /* LoomTask.swift */; };
		862F350F167445A7959E9E7C /* ContentView.swift in Sources */ = {isa = PBXBuildFile; fileRef = 982B51ED173A420B81002FD8 /* ContentView.swift */; };
		90962D61D8C74D34997ED517 /* Assets.xcassets in Resources */ = {isa = PBXBuildFile; fileRef = 8A616D88800F4FFA9AF9F693 /* Assets.xcassets */; };
		9AEEEFCA556F480DB9918D32 /* ConvexMobile in Frameworks */ = {isa = PBXBuildFile; productRef = 0E4E9BFFC7444A7D9D90AF8B /* ConvexMobile */; };
		D915E861CA664BE082311BC5 /* LoomEvent.swift in Sources */ = {isa = PBXBuildFile; fileRef = 6CD0C89A47E94DE0B14FEC60 /* LoomEvent.swift */; };
		F1A2B3C4D5E6F70123456701 /* CalendarViewModel.swift in Sources */ = {isa = PBXBuildFile; fileRef = F1A2B3C4D5E6F70123456700 /* CalendarViewModel.swift */; };
		F4A5B6C7D8E9F00345678901 /* TaskViewModel.swift in Sources */ = {isa = PBXBuildFile; fileRef = F4A5B6C7D8E9F00345678900 /* TaskViewModel.swift */; };
		F1A2B3C4D5E6F70123456703 /* HorizonCalendar in Frameworks */ = {isa = PBXBuildFile; platformFilters = (ios, ); productRef = F1A2B3C4D5E6F70123456702 /* HorizonCalendar */; };
		F1A2B3C4D5E6F70123456711 /* MiniMonthView.swift in Sources */ = {isa = PBXBuildFile; fileRef = F1A2B3C4D5E6F70123456710 /* MiniMonthView.swift */; };
		F1A2B3C4D5E6F70123456713 /* DayTimelineView.swift in Sources */ = {isa = PBXBuildFile; fileRef = F1A2B3C4D5E6F70123456712 /* DayTimelineView.swift */; };
		F1A2B3C4D5E6F70123456715 /* TimelineEventCard.swift in Sources */ = {isa = PBXBuildFile; fileRef = F1A2B3C4D5E6F70123456714 /* TimelineEventCard.swift */; };
		F1A2B3C4D5E6F70123456717 /* NowIndicatorView.swift in Sources */ = {isa = PBXBuildFile; fileRef = F1A2B3C4D5E6F70123456716 /* NowIndicatorView.swift */; };
		F1A2B3C4D5E6F70123456719 /* AllDayBannerView.swift in Sources */ = {isa = PBXBuildFile; fileRef = F1A2B3C4D5E6F70123456718 /* AllDayBannerView.swift */; };
		F3A4B5C6D7E8F90345678901 /* WeekTimelineView.swift in Sources */ = {isa = PBXBuildFile; fileRef = F3A4B5C6D7E8F90345678900 /* WeekTimelineView.swift */; };
/* End PBXBuildFile section */

/* Begin PBXFileReference section */
		18E08922E37743DA92C7B62F /* Info.plist */ = {isa = PBXFileReference; lastKnownFileType = text.plist.xml; path = Info.plist; sourceTree = "<group>"; };
		A1B2C3D4E5F601234567890B /* EventKitService.swift */ = {isa = PBXFileReference; lastKnownFileType = sourcecode.swift; path = EventKitService.swift; sourceTree = "<group>"; };
		A1B2C3D4E5F601234567890C /* LoomCal.entitlements */ = {isa = PBXFileReference; lastKnownFileType = text.plist.entitlements; path = LoomCal.entitlements; sourceTree = "<group>"; };
		1EAC04D985614080945480C4 /* ConvexEnv.swift */ = {isa = PBXFileReference; lastKnownFileType = sourcecode.swift; path = ConvexEnv.swift; sourceTree = "<group>"; };
		41E86A5C0C1E4E8BB0B85A13 /* LoomTask.swift */ = {isa = PBXFileReference; lastKnownFileType = sourcecode.swift; path = LoomTask.swift; sourceTree = "<group>"; };
		554F4E556D274D37B8E492C9 /* ChatMessage.swift */ = {isa = PBXFileReference; lastKnownFileType = sourcecode.swift; path = ChatMessage.swift; sourceTree = "<group>"; };
		5D11F15AA89546D588127322 /* StudioEvent.swift */ = {isa = PBXFileReference; lastKnownFileType = sourcecode.swift; path = StudioEvent.swift; sourceTree = "<group>"; };
		6CD0C89A47E94DE0B14FEC60 /* LoomEvent.swift */ = {isa = PBXFileReference; lastKnownFileType = sourcecode.swift; path = LoomEvent.swift; sourceTree = "<group>"; };
		8A616D88800F4FFA9AF9F693 /* Assets.xcassets */ = {isa = PBXFileReference; lastKnownFileType = folder.assetcatalog; path = Assets.xcassets; sourceTree = "<group>"; };
		982B51ED173A420B81002FD8 /* ContentView.swift */ = {isa = PBXFileReference; lastKnownFileType = sourcecode.swift; path = ContentView.swift; sourceTree = "<group>"; };
		CF164E410628480EB1EB0286 /* LoomCalApp.swift */ = {isa = PBXFileReference; lastKnownFileType = sourcecode.swift; path = LoomCalApp.swift; sourceTree = "<group>"; };
		DFFBADEB5C554067AEADFE73 /* LoomCal.app */ = {isa = PBXFileReference; explicitFileType = wrapper.application; includeInIndex = 0; path = LoomCal.app; sourceTree = BUILT_PRODUCTS_DIR; };
		F1A2B3C4D5E6F70123456700 /* CalendarViewModel.swift */ = {isa = PBXFileReference; lastKnownFileType = sourcecode.swift; path = CalendarViewModel.swift; sourceTree = "<group>"; };
		F4A5B6C7D8E9F00345678900 /* TaskViewModel.swift */ = {isa = PBXFileReference; lastKnownFileType = sourcecode.swift; path = TaskViewModel.swift; sourceTree = "<group>"; };
		F1A2B3C4D5E6F70123456710 /* MiniMonthView.swift */ = {isa = PBXFileReference; lastKnownFileType = sourcecode.swift; path = MiniMonthView.swift; sourceTree = "<group>"; };
		F1A2B3C4D5E6F70123456712 /* DayTimelineView.swift */ = {isa = PBXFileReference; lastKnownFileType = sourcecode.swift; path = DayTimelineView.swift; sourceTree = "<group>"; };
		F1A2B3C4D5E6F70123456714 /* TimelineEventCard.swift */ = {isa = PBXFileReference; lastKnownFileType = sourcecode.swift; path = TimelineEventCard.swift; sourceTree = "<group>"; };
		F1A2B3C4D5E6F70123456716 /* NowIndicatorView.swift */ = {isa = PBXFileReference; lastKnownFileType = sourcecode.swift; path = NowIndicatorView.swift; sourceTree = "<group>"; };
		F1A2B3C4D5E6F70123456718 /* AllDayBannerView.swift */ = {isa = PBXFileReference; lastKnownFileType = sourcecode.swift; path = AllDayBannerView.swift; sourceTree = "<group>"; };
		F3A4B5C6D7E8F90345678900 /* WeekTimelineView.swift */ = {isa = PBXFileReference; lastKnownFileType = sourcecode.swift; path = WeekTimelineView.swift; sourceTree = "<group>"; };
		F2A3B4C5D6E7F80234567801 /* NLEventParser.swift */ = {isa = PBXFileReference; lastKnownFileType = sourcecode.swift; path = NLEventParser.swift; sourceTree = "<group>"; };
		F2A3B4C5D6E7F80234567803 /* EventCreationView.swift */ = {isa = PBXFileReference; lastKnownFileType = sourcecode.swift; path = EventCreationView.swift; sourceTree = "<group>"; };
		F2A3B4C5D6E7F80234567805 /* EventDetailView.swift */ = {isa = PBXFileReference; lastKnownFileType = sourcecode.swift; path = EventDetailView.swift; sourceTree = "<group>"; };
		F2A3B4C5D6E7F80234567807 /* EventEditView.swift */ = {isa = PBXFileReference; lastKnownFileType = sourcecode.swift; path = EventEditView.swift; sourceTree = "<group>"; };
/* End PBXFileReference section */

/* Begin PBXFrameworksBuildPhase section */
		B9B22EAB563D45BCAAB32E78 /* Frameworks */ = {
			isa = PBXFrameworksBuildPhase;
			buildActionMask = 2147483647;
			files = (
				9AEEEFCA556F480DB9918D32 /* ConvexMobile in Frameworks */,
				F1A2B3C4D5E6F70123456703 /* HorizonCalendar in Frameworks */,
			);
			runOnlyForDeploymentPostprocessing = 0;
		};
/* End PBXFrameworksBuildPhase section */

/* Begin PBXGroup section */
		0224D9F38C3B4A25A684F1CD /* Services */ = {
			isa = PBXGroup;
			children = (
				A1B2C3D4E5F601234567890B /* EventKitService.swift */,
				F2A3B4C5D6E7F80234567801 /* NLEventParser.swift */,
			);
			path = Services;
			sourceTree = "<group>";
		};
		17E8C3EF5A47488EAD08C5F5 /* App */ = {
			isa = PBXGroup;
			children = (
				CF164E410628480EB1EB0286 /* LoomCalApp.swift */,
				1EAC04D985614080945480C4 /* ConvexEnv.swift */,
			);
			path = App;
			sourceTree = "<group>";
		};
		27A6C047C20C4A11BFB6585F /* Views */ = {
			isa = PBXGroup;
			children = (
				982B51ED173A420B81002FD8 /* ContentView.swift */,
				F1A2B3C4D5E6F70123456720 /* Calendar */,
				F2A3B4C5D6E7F80234567810 /* Events */,
			);
			path = Views;
			sourceTree = "<group>";
		};
		394E7A8823514523A58E4E9E /* LoomCal */ = {
			isa = PBXGroup;
			children = (
				17E8C3EF5A47488EAD08C5F5 /* App */,
				D1B0C0701BE6422F9F7574B3 /* Models */,
				F1A2B3C4D5E6F70123456730 /* ViewModels */,
				27A6C047C20C4A11BFB6585F /* Views */,
				0224D9F38C3B4A25A684F1CD /* Services */,
				8A616D88800F4FFA9AF9F693 /* Assets.xcassets */,
				18E08922E37743DA92C7B62F /* Info.plist */,
				A1B2C3D4E5F601234567890C /* LoomCal.entitlements */,
			);
			path = LoomCal;
			sourceTree = "<group>";
		};
		90452C32DF9145C7B94D5C0A = {
			isa = PBXGroup;
			children = (
				394E7A8823514523A58E4E9E /* LoomCal */,
				FF610BD8E24B484B9ADAF5AD /* Products */,
			);
			sourceTree = "<group>";
		};
		D1B0C0701BE6422F9F7574B3 /* Models */ = {
			isa = PBXGroup;
			children = (
				6CD0C89A47E94DE0B14FEC60 /* LoomEvent.swift */,
				41E86A5C0C1E4E8BB0B85A13 /* LoomTask.swift */,
				554F4E556D274D37B8E492C9 /* ChatMessage.swift */,
				5D11F15AA89546D588127322 /* StudioEvent.swift */,
			);
			path = Models;
			sourceTree = "<group>";
		};
		F1A2B3C4D5E6F70123456720 /* Calendar */ = {
			isa = PBXGroup;
			children = (
				F1A2B3C4D5E6F70123456710 /* MiniMonthView.swift */,
				F1A2B3C4D5E6F70123456712 /* DayTimelineView.swift */,
				F1A2B3C4D5E6F70123456714 /* TimelineEventCard.swift */,
				F1A2B3C4D5E6F70123456716 /* NowIndicatorView.swift */,
				F1A2B3C4D5E6F70123456718 /* AllDayBannerView.swift */,
				F3A4B5C6D7E8F90345678900 /* WeekTimelineView.swift */,
			);
			path = Calendar;
			sourceTree = "<group>";
		};
		F2A3B4C5D6E7F80234567810 /* Events */ = {
			isa = PBXGroup;
			children = (
				F2A3B4C5D6E7F80234567803 /* EventCreationView.swift */,
				F2A3B4C5D6E7F80234567805 /* EventDetailView.swift */,
				F2A3B4C5D6E7F80234567807 /* EventEditView.swift */,
			);
			path = Events;
			sourceTree = "<group>";
		};
		F1A2B3C4D5E6F70123456730 /* ViewModels */ = {
			isa = PBXGroup;
			children = (
				F1A2B3C4D5E6F70123456700 /* CalendarViewModel.swift */,
				F4A5B6C7D8E9F00345678900 /* TaskViewModel.swift */,
			);
			path = ViewModels;
			sourceTree = "<group>";
		};
		FF610BD8E24B484B9ADAF5AD /* Products */ = {
			isa = PBXGroup;
			children = (
				DFFBADEB5C554067AEADFE73 /* LoomCal.app */,
			);
			name = Products;
			sourceTree = "<group>";
		};
/* End PBXGroup section */

/* Begin PBXNativeTarget section */
		6B8A788C43BF4821A73AA3CE /* LoomCal */ = {
			isa = PBXNativeTarget;
			buildConfigurationList = 51D27EFE99F6476196B98BAC /* Build configuration list for PBXNativeTarget "LoomCal" */;
			buildPhases = (
				F9AFF2A25922457489B19B95 /* Sources */,
				B9B22EAB563D45BCAAB32E78 /* Frameworks */,
				5230B3C5C8444D9DAC66B0AB /* Resources */,
			);
			buildRules = (
			);
			dependencies = (
			);
			name = LoomCal;
			packageProductDependencies = (
				0E4E9BFFC7444A7D9D90AF8B /* ConvexMobile */,
				F1A2B3C4D5E6F70123456702 /* HorizonCalendar */,
			);
			productName = LoomCal;
			productReference = DFFBADEB5C554067AEADFE73 /* LoomCal.app */;
			productType = "com.apple.product-type.application";
		};
/* End PBXNativeTarget section */

/* Begin PBXProject section */
		A8DA7B03B8F4438AA3F3DC1F /* Project object */ = {
			isa = PBXProject;
			attributes = {
				BuildIndependentTargetsInParallel = 1;
				LastSwiftUpdateCheck = 1620;
				LastUpgradeCheck = 1620;
				TargetAttributes = {
					6B8A788C43BF4821A73AA3CE = {
						CreatedOnToolsVersion = 16.2;
					};
				};
			};
			buildConfigurationList = 8703B0B5D14A4FADB2D291DE /* Build configuration list for PBXProject "LoomCal" */;
			compatibilityVersion = "Xcode 14.0";
			developmentRegion = en;
			hasScannedForEncodings = 0;
			knownRegions = (
				en,
				Base,
			);
			mainGroup = 90452C32DF9145C7B94D5C0A;
			packageReferences = (
				AB3EFF0D88864AC1995F8B06 /* XCRemoteSwiftPackageReference "convex-swift" */,
				F1A2B3C4D5E6F70123456704 /* XCRemoteSwiftPackageReference "HorizonCalendar" */,
			);
			productRefGroup = FF610BD8E24B484B9ADAF5AD /* Products */;
			projectDirPath = "";
			projectRoot = "";
			targets = (
				6B8A788C43BF4821A73AA3CE /* LoomCal */,
			);
		};
/* End PBXProject section */

/* Begin PBXResourcesBuildPhase section */
		5230B3C5C8444D9DAC66B0AB /* Resources */ = {
			isa = PBXResourcesBuildPhase;
			buildActionMask = 2147483647;
			files = (
				90962D61D8C74D34997ED517 /* Assets.xcassets in Resources */,
			);
			runOnlyForDeploymentPostprocessing = 0;
		};
/* End PBXResourcesBuildPhase section */

/* Begin PBXSourcesBuildPhase section */
		F9AFF2A25922457489B19B95 /* Sources */ = {
			isa = PBXSourcesBuildPhase;
			buildActionMask = 2147483647;
			files = (
				1A5118B6ED3A4668805A1F31 /* LoomCalApp.swift in Sources */,
				1965BEB40C25491DB960F4F2 /* ConvexEnv.swift in Sources */,
				D915E861CA664BE082311BC5 /* LoomEvent.swift in Sources */,
				80E8BCB7ED0E40EB982212A5 /* LoomTask.swift in Sources */,
				6DF29E450551441382D397E8 /* ChatMessage.swift in Sources */,
				12FA6D2EF6D946E3AB7D3D0F /* StudioEvent.swift in Sources */,
				862F350F167445A7959E9E7C /* ContentView.swift in Sources */,
				A1B2C3D4E5F601234567890A /* EventKitService.swift in Sources */,
				F1A2B3C4D5E6F70123456701 /* CalendarViewModel.swift in Sources */,
				F4A5B6C7D8E9F00345678901 /* TaskViewModel.swift in Sources */,
				F1A2B3C4D5E6F70123456711 /* MiniMonthView.swift in Sources */,
				F1A2B3C4D5E6F70123456713 /* DayTimelineView.swift in Sources */,
				F1A2B3C4D5E6F70123456715 /* TimelineEventCard.swift in Sources */,
				F1A2B3C4D5E6F70123456717 /* NowIndicatorView.swift in Sources */,
				F1A2B3C4D5E6F70123456719 /* AllDayBannerView.swift in Sources */,
				F2A3B4C5D6E7F80234567800 /* NLEventParser.swift in Sources */,
				F2A3B4C5D6E7F80234567802 /* EventCreationView.swift in Sources */,
				F2A3B4C5D6E7F80234567804 /* EventDetailView.swift in Sources */,
				F2A3B4C5D6E7F80234567806 /* EventEditView.swift in Sources */,
				F3A4B5C6D7E8F90345678901 /* WeekTimelineView.swift in Sources */,
			);
			runOnlyForDeploymentPostprocessing = 0;
		};
/* End PBXSourcesBuildPhase section */

/* Begin XCBuildConfiguration section */
		60BDC913C7DD4C58A01F0C50 /* Debug */ = {
			isa = XCBuildConfiguration;
			buildSettings = {
				ALWAYS_SEARCH_USER_PATHS = NO;
				ASSET_CATALOG_COMPILER_OPTIMIZATION = space;
				CLANG_ANALYZER_NONNULL = YES;
				CLANG_ANALYZER_NUMBER_OBJECT_CONVERSIONS = YES_AGGRESSIVE;
				CLANG_CXX_LANGUAGE_STANDARD = "gnu++20";
				CLANG_ENABLE_MODULES = YES;
				CLANG_ENABLE_OBJC_ARC = YES;
				CLANG_ENABLE_OBJC_WEAK = YES;
				CLANG_WARN_BLOCK_CAPTURE_AUTORELEASING = YES;
				CLANG_WARN_BOOL_CONVERSION = YES;
				CLANG_WARN_COMMA = YES;
				CLANG_WARN_CONSTANT_CONVERSION = YES;
				CLANG_WARN_DEPRECATED_OBJC_IMPLEMENTATIONS = YES;
				CLANG_WARN_DIRECT_OBJC_ISA_USAGE = YES_ERROR;
				CLANG_WARN_DOCUMENTATION_COMMENTS = YES;
				CLANG_WARN_EMPTY_BODY = YES;
				CLANG_WARN_ENUM_CONVERSION = YES;
				CLANG_WARN_INFINITE_RECURSION = YES;
				CLANG_WARN_INT_CONVERSION = YES;
				CLANG_WARN_NON_LITERAL_NULL_CONVERSION = YES;
				CLANG_WARN_OBJC_IMPLICIT_RETAIN_SELF = YES;
				CLANG_WARN_OBJC_LITERAL_CONVERSION = YES;
				CLANG_WARN_OBJC_ROOT_CLASS = YES_ERROR;
				CLANG_WARN_QUOTED_INCLUDE_IN_FRAMEWORK_HEADER = YES;
				CLANG_WARN_RANGE_LOOP_ANALYSIS = YES;
				CLANG_WARN_STRICT_PROTOTYPES = YES;
				CLANG_WARN_SUSPICIOUS_MOVE = YES;
				CLANG_WARN_UNGUARDED_AVAILABILITY = YES_AGGRESSIVE;
				CLANG_WARN_UNREACHABLE_CODE = YES;
				CLANG_WARN__DUPLICATE_METHOD_MATCH = YES;
				COPY_PHASE_STRIP = NO;
				DEBUG_INFORMATION_FORMAT = dwarf;
				ENABLE_STRICT_OBJC_MSGSEND = YES;
				ENABLE_TESTABILITY = YES;
				ENABLE_USER_SCRIPT_SANDBOXING = YES;
				GCC_C_LANGUAGE_STANDARD = gnu17;
				GCC_DYNAMIC_NO_PIC = NO;
				GCC_NO_COMMON_BLOCKS = YES;
				GCC_OPTIMIZATION_LEVEL = 0;
				GCC_PREPROCESSOR_DEFINITIONS = (
					"DEBUG=1",
					"$(inherited)",
				);
				GCC_WARN_64_TO_32_BIT_CONVERSION = YES;
				GCC_WARN_ABOUT_RETURN_TYPE = YES_ERROR;
				GCC_WARN_UNDECLARED_SELECTOR = YES;
				GCC_WARN_UNINITIALIZED_AUTOS = YES_AGGRESSIVE;
				GCC_WARN_UNUSED_FUNCTION = YES;
				GCC_WARN_UNUSED_VARIABLE = YES;
				MTL_ENABLE_DEBUG_INFO = INCLUDE_SOURCE;
				MTL_FAST_MATH = YES;
				ONLY_ACTIVE_ARCH = YES;
				SWIFT_ACTIVE_COMPILATION_CONDITIONS = "DEBUG $(inherited)";
				SWIFT_OPTIMIZATION_LEVEL = "-Onone";
			};
			name = Debug;
		};
		B0D91C7C668C4EFCBC7A0FBA /* Debug */ = {
			isa = XCBuildConfiguration;
			buildSettings = {
				ASSTEROID_RULE_KIND = main;
				BUNDLE_IDENTIFIER_PREFIX = com.loomcal;
				BUNDLE_LOADER = "$(TEST_HOST)";
				CODE_SIGN_ENTITLEMENTS = LoomCal/LoomCal.entitlements;
				CODE_SIGN_STYLE = Automatic;
				DEVELOPMENT_TEAM = YQ2MDC5UUP;
				GENERATE_INFOPLIST_FILE = NO;
				INFOPLIST_FILE = LoomCal/Info.plist;
				IPHONEOS_DEPLOYMENT_TARGET = 18.0;
				LE_PRODUCT_BUNDLE_IDENTIFIER = com.loomcal.LoomCal;
				MARKETING_VERSION = 1.0;
				MTL_ENABLE_DEBUG_INFO = INCLUDE_SOURCE;
				MTL_FAST_MATH = YES;
				PRODUCT_BUNDLE_IDENTIFIER = com.loomcal.LoomCal;
				PRODUCT_NAME = "$(TARGET_NAME)";
				SUPPORTED_PLATFORMS = "iphoneos iphonesimulator macosx";
				SUPPORTS_MACCATALYST = NO;
				SUPPORTS_MAC_DESIGNED_FOR_IPHONE_IPAD = YES;
				SWIFT_EMIT_LOC_STRINGS = YES;
				SWIFT_VERSION = 5.0;
				TARGETED_DEVICE_FAMILY = "1,2";
			};
			name = Debug;
		};
		C109951BD6F046739CA6AFB1 /* Release */ = {
			isa = XCBuildConfiguration;
			buildSettings = {
				ASSTEROID_RULE_KIND = main;
				BUNDLE_IDENTIFIER_PREFIX = com.loomcal;
				CODE_SIGN_ENTITLEMENTS = LoomCal/LoomCal.entitlements;
				CODE_SIGN_STYLE = Automatic;
				DEVELOPMENT_TEAM = YQ2MDC5UUP;
				GENERATE_INFOPLIST_FILE = NO;
				INFOPLIST_FILE = LoomCal/Info.plist;
				IPHONEOS_DEPLOYMENT_TARGET = 18.0;
				LE_PRODUCT_BUNDLE_IDENTIFIER = com.loomcal.LoomCal;
				MARKETING_VERSION = 1.0;
				MTL_FAST_MATH = YES;
				PRODUCT_BUNDLE_IDENTIFIER = com.loomcal.LoomCal;
				PRODUCT_NAME = "$(TARGET_NAME)";
				SUPPORTED_PLATFORMS = "iphoneos iphonesimulator macosx";
				SUPPORTS_MACCATALYST = NO;
				SUPPORTS_MAC_DESIGNED_FOR_IPHONE_IPAD = YES;
				SWIFT_EMIT_LOC_STRINGS = YES;
				SWIFT_VERSION = 5.0;
				TARGETED_DEVICE_FAMILY = "1,2";
			};
			name = Release;
		};
		C9B89D7E0F58404682DC064D /* Release */ = {
			isa = XCBuildConfiguration;
			buildSettings = {
				ALWAYS_SEARCH_USER_PATHS = NO;
				ASSET_CATALOG_COMPILER_OPTIMIZATION = space;
				CLANG_ANALYZER_NONNULL = YES;
				CLANG_ANALYZER_NUMBER_OBJECT_CONVERSIONS = YES_AGGRESSIVE;
				CLANG_CXX_LANGUAGE_STANDARD = "gnu++20";
				CLANG_ENABLE_MODULES = YES;
				CLANG_ENABLE_OBJC_ARC = YES;
				CLANG_ENABLE_OBJC_WEAK = YES;
				CLANG_WARN_BLOCK_CAPTURE_AUTORELEASING = YES;
				CLANG_WARN_BOOL_CONVERSION = YES;
				CLANG_WARN_COMMA = YES;
				CLANG_WARN_CONSTANT_CONVERSION = YES;
				CLANG_WARN_DEPRECATED_OBJC_IMPLEMENTATIONS = YES;
				CLANG_WARN_DIRECT_OBJC_ISA_USAGE = YES_ERROR;
				CLANG_WARN_DOCUMENTATION_COMMENTS = YES;
				CLANG_WARN_EMPTY_BODY = YES;
				CLANG_WARN_ENUM_CONVERSION = YES;
				CLANG_WARN_INFINITE_RECURSION = YES;
				CLANG_WARN_INT_CONVERSION = YES;
				CLANG_WARN_NON_LITERAL_NULL_CONVERSION = YES;
				CLANG_WARN_OBJC_IMPLICIT_RETAIN_SELF = YES;
				CLANG_WARN_OBJC_LITERAL_CONVERSION = YES;
				CLANG_WARN_OBJC_ROOT_CLASS = YES_ERROR;
				CLANG_WARN_QUOTED_INCLUDE_IN_FRAMEWORK_HEADER = YES;
				CLANG_WARN_RANGE_LOOP_ANALYSIS = YES;
				CLANG_WARN_STRICT_PROTOTYPES = YES;
				CLANG_WARN_SUSPICIOUS_MOVE = YES;
				CLANG_WARN_UNGUARDED_AVAILABILITY = YES_AGGRESSIVE;
				CLANG_WARN_UNREACHABLE_CODE = YES;
				CLANG_WARN__DUPLICATE_METHOD_MATCH = YES;
				COPY_PHASE_STRIP = NO;
				DEBUG_INFORMATION_FORMAT = "dwarf-with-dsym";
				ENABLE_NS_ASSERTIONS = NO;
				ENABLE_STRICT_OBJC_MSGSEND = YES;
				ENABLE_USER_SCRIPT_SANDBOXING = YES;
				GCC_C_LANGUAGE_STANDARD = gnu17;
				GCC_NO_COMMON_BLOCKS = YES;
				GCC_WARN_64_TO_32_BIT_CONVERSION = YES;
				GCC_WARN_ABOUT_RETURN_TYPE = YES_ERROR;
				GCC_WARN_UNDECLARED_SELECTOR = YES;
				GCC_WARN_UNINITIALIZED_AUTOS = YES_AGGRESSIVE;
				GCC_WARN_UNUSED_FUNCTION = YES;
				GCC_WARN_UNUSED_VARIABLE = YES;
				MTL_FAST_MATH = YES;
				SWIFT_COMPILATION_MODE = wholemodule;
			};
			name = Release;
		};
/* End XCBuildConfiguration section */

/* Begin XCConfigurationList section */
		51D27EFE99F6476196B98BAC /* Build configuration list for PBXNativeTarget "LoomCal" */ = {
			isa = XCConfigurationList;
			buildConfigurations = (
				B0D91C7C668C4EFCBC7A0FBA /* Debug */,
				C109951BD6F046739CA6AFB1 /* Release */,
			);
			defaultConfigurationIsVisible = 0;
			defaultConfigurationName = Release;
		};
		8703B0B5D14A4FADB2D291DE /* Build configuration list for PBXProject "LoomCal" */ = {
			isa = XCConfigurationList;
			buildConfigurations = (
				60BDC913C7DD4C58A01F0C50 /* Debug */,
				C9B89D7E0F58404682DC064D /* Release */,
			);
			defaultConfigurationIsVisible = 0;
			defaultConfigurationName = Release;
		};
/* End XCConfigurationList section */

/* Begin XCRemoteSwiftPackageReference section */
		AB3EFF0D88864AC1995F8B06 /* XCRemoteSwiftPackageReference "convex-swift" */ = {
			isa = XCRemoteSwiftPackageReference;
			repositoryURL = "https://github.com/get-convex/convex-swift";
			requirement = {
				kind = upToNextMajorVersion;
				minimumVersion = 0.4.0;
			};
		};
		F1A2B3C4D5E6F70123456704 /* XCRemoteSwiftPackageReference "HorizonCalendar" */ = {
			isa = XCRemoteSwiftPackageReference;
			repositoryURL = "https://github.com/airbnb/HorizonCalendar.git";
			requirement = {
				kind = upToNextMajorVersion;
				minimumVersion = 1.11.0;
			};
		};
/* End XCRemoteSwiftPackageReference section */

/* Begin XCSwiftPackageProductDependency section */
		0E4E9BFFC7444A7D9D90AF8B /* ConvexMobile */ = {
			isa = XCSwiftPackageProductDependency;
			package = AB3EFF0D88864AC1995F8B06 /* XCRemoteSwiftPackageReference "convex-swift" */;
			productName = ConvexMobile;
		};
		F1A2B3C4D5E6F70123456702 /* HorizonCalendar */ = {
			isa = XCSwiftPackageProductDependency;
			package = F1A2B3C4D5E6F70123456704 /* XCRemoteSwiftPackageReference "HorizonCalendar" */;
			productName = HorizonCalendar;
		};
/* End XCSwiftPackageProductDependency section */
	};
	rootObject = A8DA7B03B8F4438AA3F3DC1F /* Project object */;
}
